
Microsoft Visual Studio Solution File, Format Version 9.00
# Visual Studio 2005
Project("{2150E333-8FDC-42A3-9474-1A3956D46DE8}") = "PLUS.Client.View", "PLUS.Client.View", "{DE162DC8-CE59-47FE-B697-637C7B8A8854}"
EndProject
Project("{2150E333-8FDC-42A3-9474-1A3956D46DE8}") = "PLUS.Framework", "PLUS.Framework", "{1C859B56-9A35-4BD5-84C0-EFE7A96D6326}"
EndProject
Project("{FAE04EC0-301F-11D3-BF4B-00C04F79EFBC}") = "MOST.PortSafety", "MOST.PortSafety\MOST.PortSafety.csproj", "{8B64041B-0D99-43D8-BC09-64A94E23B333}"
EndProject
Project("{FAE04EC0-301F-11D3-BF4B-00C04F79EFBC}") = "MOST.VesselOperator", "MOST.VesselOperator\MOST.VesselOperator.csproj", "{549D40DD-12BA-4C1E-A18A-CC57549C1AC3}"
EndProject
Project("{FAE04EC0-301F-11D3-BF4B-00C04F79EFBC}") = "MOST.WHChecker", "MOST.WHChecker\MOST.WHChecker.csproj", "{F517CDA1-9508-4F36-876B-FC9B1AFFD133}"
EndProject
Project("{FAE04EC0-301F-11D3-BF4B-00C04F79EFBC}") = "MOST.HHT.Client", "MOST.HHT.Client\MOST.HHT.Client.csproj", "{A66EF0A2-D904-4C66-8B28-6F6688F1514B}"
EndProject
Project("{2150E333-8FDC-42A3-9474-1A3956D46DE8}") = "PLUS.Client.Tester", "PLUS.Client.Tester", "{EC9ECDB4-513D-4AC7-96DA-F0D94B68D123}"
EndProject
Project("{FAE04EC0-301F-11D3-BF4B-00C04F79EFBC}") = "Framework.Service.Provider", "Framework.Service.Provider\Framework.Service.Provider.csproj", "{E71E7988-CBC1-47A6-AB58-84A4A51548B4}"
EndProject
Project("{FAE04EC0-301F-11D3-BF4B-00C04F79EFBC}") = "Framework.Updater", "Framework.Updater\Framework.Updater.csproj", "{46E8A0AF-4523-4627-AB13-33F4ADC1BD7F}"
EndProject
Project("{2150E333-8FDC-42A3-9474-1A3956D46DE8}") = "PLUS.Client.Proxy", "PLUS.Client.Proxy", "{925AABA7-6123-4FEE-8203-B5DEC42AA348}"
EndProject
Project("{FAE04EC0-301F-11D3-BF4B-00C04F79EFBC}") = "MOST.Client.Proxy", "MOST.Client.Proxy\MOST.Client.Proxy.csproj", "{B85F2721-53F7-4B17-B5AA-4597E662B3F7}"
EndProject
Project("{FAE04EC0-301F-11D3-BF4B-00C04F79EFBC}") = "Framework.Common", "Framework.Common\Framework.Common.csproj", "{86A336BB-29CD-4F7E-A5BE-804C98808025}"
EndProject
Project("{FAE04EC0-301F-11D3-BF4B-00C04F79EFBC}") = "Framework.Client", "Framework.Client\Framework.Client.csproj", "{EFA8BC2B-AB1C-4297-972A-5129A90785DB}"
EndProject
Project("{FAE04EC0-301F-11D3-BF4B-00C04F79EFBC}") = "Framework.Controls", "Framework.Controls\Framework.Controls.csproj", "{0A5EFC54-E023-46ED-8715-D3B547438AE5}"
EndProject
Project("{FAE04EC0-301F-11D3-BF4B-00C04F79EFBC}") = "PlusNUnitTester", "PlusNUnitTester\PlusNUnitTester.csproj", "{9AEAA57A-5B7E-48E3-A0A6-19D1375B2626}"
EndProject
Project("{FAE04EC0-301F-11D3-BF4B-00C04F79EFBC}") = "Framework.Encrypter", "Framework.Encrypter\Framework.Encrypter.csproj", "{8AE18888-E53D-4E93-8C33-08B9C564115E}"
EndProject
Project("{FAE04EC0-301F-11D3-BF4B-00C04F79EFBC}") = "MOST.Common", "MOST.Common\MOST.Common.csproj", "{BB94416E-3C84-4781-8F81-65EC0A84C857}"
EndProject
Project("{FAE04EC0-301F-11D3-BF4B-00C04F79EFBC}") = "MOST.ApronChecker", "MOST.ApronChecker\MOST.ApronChecker.csproj", "{C596E614-E1AB-4A8C-994F-F492A15FC51F}"
EndProject
Global
	GlobalSection(SolutionConfigurationPlatforms) = preSolution
		Debug|Any CPU = Debug|Any CPU
		Debug|x86 = Debug|x86
		Release|Any CPU = Release|Any CPU
		Release|x86 = Release|x86
	EndGlobalSection
	GlobalSection(ProjectConfigurationPlatforms) = postSolution
		{8B64041B-0D99-43D8-BC09-64A94E23B333}.Debug|Any CPU.ActiveCfg = Debug|Any CPU
		{8B64041B-0D99-43D8-BC09-64A94E23B333}.Debug|Any CPU.Build.0 = Debug|Any CPU
		{8B64041B-0D99-43D8-BC09-64A94E23B333}.Debug|x86.ActiveCfg = Debug|Any CPU
		{8B64041B-0D99-43D8-BC09-64A94E23B333}.Debug|x86.Build.0 = Debug|Any CPU
		{8B64041B-0D99-43D8-BC09-64A94E23B333}.Release|Any CPU.ActiveCfg = Release|Any CPU
		{8B64041B-0D99-43D8-BC09-64A94E23B333}.Release|Any CPU.Build.0 = Release|Any CPU
		{8B64041B-0D99-43D8-BC09-64A94E23B333}.Release|x86.ActiveCfg = Release|Any CPU
		{549D40DD-12BA-4C1E-A18A-CC57549C1AC3}.Debug|Any CPU.ActiveCfg = Debug|Any CPU
		{549D40DD-12BA-4C1E-A18A-CC57549C1AC3}.Debug|Any CPU.Build.0 = Debug|Any CPU
		{549D40DD-12BA-4C1E-A18A-CC57549C1AC3}.Debug|x86.ActiveCfg = Debug|Any CPU
		{549D40DD-12BA-4C1E-A18A-CC57549C1AC3}.Debug|x86.Build.0 = Debug|Any CPU
		{549D40DD-12BA-4C1E-A18A-CC57549C1AC3}.Release|Any CPU.ActiveCfg = Release|Any CPU
		{549D40DD-12BA-4C1E-A18A-CC57549C1AC3}.Release|Any CPU.Build.0 = Release|Any CPU
		{549D40DD-12BA-4C1E-A18A-CC57549C1AC3}.Release|x86.ActiveCfg = Release|Any CPU
		{F517CDA1-9508-4F36-876B-FC9B1AFFD133}.Debug|Any CPU.ActiveCfg = Debug|Any CPU
		{F517CDA1-9508-4F36-876B-FC9B1AFFD133}.Debug|Any CPU.Build.0 = Debug|Any CPU
		{F517CDA1-9508-4F36-876B-FC9B1AFFD133}.Debug|x86.ActiveCfg = Debug|Any CPU
		{F517CDA1-9508-4F36-876B-FC9B1AFFD133}.Debug|x86.Build.0 = Debug|Any CPU
		{F517CDA1-9508-4F36-876B-FC9B1AFFD133}.Release|Any CPU.ActiveCfg = Release|Any CPU
		{F517CDA1-9508-4F36-876B-FC9B1AFFD133}.Release|Any CPU.Build.0 = Release|Any CPU
		{F517CDA1-9508-4F36-876B-FC9B1AFFD133}.Release|x86.ActiveCfg = Release|Any CPU
		{A66EF0A2-D904-4C66-8B28-6F6688F1514B}.Debug|Any CPU.ActiveCfg = Debug|Any CPU
		{A66EF0A2-D904-4C66-8B28-6F6688F1514B}.Debug|Any CPU.Build.0 = Debug|Any CPU
		{A66EF0A2-D904-4C66-8B28-6F6688F1514B}.Debug|x86.ActiveCfg = Debug|Any CPU
		{A66EF0A2-D904-4C66-8B28-6F6688F1514B}.Debug|x86.Build.0 = Debug|Any CPU
		{A66EF0A2-D904-4C66-8B28-6F6688F1514B}.Release|Any CPU.ActiveCfg = Release|Any CPU
		{A66EF0A2-D904-4C66-8B28-6F6688F1514B}.Release|Any CPU.Build.0 = Release|Any CPU
		{A66EF0A2-D904-4C66-8B28-6F6688F1514B}.Release|Any CPU.Deploy.0 = Release|Any CPU
		{A66EF0A2-D904-4C66-8B28-6F6688F1514B}.Release|x86.ActiveCfg = Release|Any CPU
		{E71E7988-CBC1-47A6-AB58-84A4A51548B4}.Debug|Any CPU.ActiveCfg = Debug|Any CPU
		{E71E7988-CBC1-47A6-AB58-84A4A51548B4}.Debug|Any CPU.Build.0 = Debug|Any CPU
		{E71E7988-CBC1-47A6-AB58-84A4A51548B4}.Debug|x86.ActiveCfg = Debug|Any CPU
		{E71E7988-CBC1-47A6-AB58-84A4A51548B4}.Debug|x86.Build.0 = Debug|Any CPU
		{E71E7988-CBC1-47A6-AB58-84A4A51548B4}.Release|Any CPU.ActiveCfg = Release|Any CPU
		{E71E7988-CBC1-47A6-AB58-84A4A51548B4}.Release|Any CPU.Build.0 = Release|Any CPU
		{E71E7988-CBC1-47A6-AB58-84A4A51548B4}.Release|x86.ActiveCfg = Release|Any CPU
		{46E8A0AF-4523-4627-AB13-33F4ADC1BD7F}.Debug|Any CPU.ActiveCfg = Debug|Any CPU
		{46E8A0AF-4523-4627-AB13-33F4ADC1BD7F}.Debug|Any CPU.Build.0 = Debug|Any CPU
		{46E8A0AF-4523-4627-AB13-33F4ADC1BD7F}.Debug|x86.ActiveCfg = Debug|Any CPU
		{46E8A0AF-4523-4627-AB13-33F4ADC1BD7F}.Debug|x86.Build.0 = Debug|Any CPU
		{46E8A0AF-4523-4627-AB13-33F4ADC1BD7F}.Release|Any CPU.ActiveCfg = Release|Any CPU
		{46E8A0AF-4523-4627-AB13-33F4ADC1BD7F}.Release|Any CPU.Build.0 = Release|Any CPU
		{46E8A0AF-4523-4627-AB13-33F4ADC1BD7F}.Release|Any CPU.Deploy.0 = Release|Any CPU
		{46E8A0AF-4523-4627-AB13-33F4ADC1BD7F}.Release|x86.ActiveCfg = Release|Any CPU
		{B85F2721-53F7-4B17-B5AA-4597E662B3F7}.Debug|Any CPU.ActiveCfg = Debug|Any CPU
		{B85F2721-53F7-4B17-B5AA-4597E662B3F7}.Debug|Any CPU.Build.0 = Debug|Any CPU
		{B85F2721-53F7-4B17-B5AA-4597E662B3F7}.Debug|x86.ActiveCfg = Debug|Any CPU
		{B85F2721-53F7-4B17-B5AA-4597E662B3F7}.Debug|x86.Build.0 = Debug|Any CPU
		{B85F2721-53F7-4B17-B5AA-4597E662B3F7}.Release|Any CPU.ActiveCfg = Release|Any CPU
		{B85F2721-53F7-4B17-B5AA-4597E662B3F7}.Release|Any CPU.Build.0 = Release|Any CPU
		{B85F2721-53F7-4B17-B5AA-4597E662B3F7}.Release|x86.ActiveCfg = Release|Any CPU
		{86A336BB-29CD-4F7E-A5BE-804C98808025}.Debug|Any CPU.ActiveCfg = Debug|Any CPU
		{86A336BB-29CD-4F7E-A5BE-804C98808025}.Debug|Any CPU.Build.0 = Debug|Any CPU
		{86A336BB-29CD-4F7E-A5BE-804C98808025}.Debug|x86.ActiveCfg = Debug|Any CPU
		{86A336BB-29CD-4F7E-A5BE-804C98808025}.Debug|x86.Build.0 = Debug|Any CPU
		{86A336BB-29CD-4F7E-A5BE-804C98808025}.Release|Any CPU.ActiveCfg = Release|Any CPU
		{86A336BB-29CD-4F7E-A5BE-804C98808025}.Release|Any CPU.Build.0 = Release|Any CPU
		{86A336BB-29CD-4F7E-A5BE-804C98808025}.Release|x86.ActiveCfg = Release|Any CPU
		{EFA8BC2B-AB1C-4297-972A-5129A90785DB}.Debug|Any CPU.ActiveCfg = Debug|Any CPU
		{EFA8BC2B-AB1C-4297-972A-5129A90785DB}.Debug|Any CPU.Build.0 = Debug|Any CPU
		{EFA8BC2B-AB1C-4297-972A-5129A90785DB}.Debug|x86.ActiveCfg = Debug|Any CPU
		{EFA8BC2B-AB1C-4297-972A-5129A90785DB}.Debug|x86.Build.0 = Debug|Any CPU
		{EFA8BC2B-AB1C-4297-972A-5129A90785DB}.Release|Any CPU.ActiveCfg = Release|Any CPU
		{EFA8BC2B-AB1C-4297-972A-5129A90785DB}.Release|Any CPU.Build.0 = Release|Any CPU
		{EFA8BC2B-AB1C-4297-972A-5129A90785DB}.Release|x86.ActiveCfg = Release|Any CPU
		{0A5EFC54-E023-46ED-8715-D3B547438AE5}.Debug|Any CPU.ActiveCfg = Debug|Any CPU
		{0A5EFC54-E023-46ED-8715-D3B547438AE5}.Debug|Any CPU.Build.0 = Debug|Any CPU
		{0A5EFC54-E023-46ED-8715-D3B547438AE5}.Debug|x86.ActiveCfg = Debug|Any CPU
		{0A5EFC54-E023-46ED-8715-D3B547438AE5}.Debug|x86.Build.0 = Debug|Any CPU
		{0A5EFC54-E023-46ED-8715-D3B547438AE5}.Release|Any CPU.ActiveCfg = Release|Any CPU
		{0A5EFC54-E023-46ED-8715-D3B547438AE5}.Release|Any CPU.Build.0 = Release|Any CPU
		{0A5EFC54-E023-46ED-8715-D3B547438AE5}.Release|x86.ActiveCfg = Release|Any CPU
		{9AEAA57A-5B7E-48E3-A0A6-19D1375B2626}.Debug|Any CPU.ActiveCfg = Debug|Any CPU
		{9AEAA57A-5B7E-48E3-A0A6-19D1375B2626}.Debug|Any CPU.Build.0 = Debug|Any CPU
		{9AEAA57A-5B7E-48E3-A0A6-19D1375B2626}.Debug|x86.ActiveCfg = Debug|Any CPU
		{9AEAA57A-5B7E-48E3-A0A6-19D1375B2626}.Debug|x86.Build.0 = Debug|Any CPU
		{9AEAA57A-5B7E-48E3-A0A6-19D1375B2626}.Release|Any CPU.ActiveCfg = Release|Any CPU
		{9AEAA57A-5B7E-48E3-A0A6-19D1375B2626}.Release|Any CPU.Build.0 = Release|Any CPU
		{9AEAA57A-5B7E-48E3-A0A6-19D1375B2626}.Release|x86.ActiveCfg = Release|Any CPU
		{8AE18888-E53D-4E93-8C33-08B9C564115E}.Debug|Any CPU.ActiveCfg = Debug|Any CPU
		{8AE18888-E53D-4E93-8C33-08B9C564115E}.Debug|Any CPU.Build.0 = Debug|Any CPU
		{8AE18888-E53D-4E93-8C33-08B9C564115E}.Debug|Any CPU.Deploy.0 = Debug|Any CPU
		{8AE18888-E53D-4E93-8C33-08B9C564115E}.Debug|x86.ActiveCfg = Debug|x86
		{8AE18888-E53D-4E93-8C33-08B9C564115E}.Debug|x86.Build.0 = Debug|x86
		{8AE18888-E53D-4E93-8C33-08B9C564115E}.Release|Any CPU.ActiveCfg = Release|Any CPU
		{8AE18888-E53D-4E93-8C33-08B9C564115E}.Release|Any CPU.Build.0 = Release|Any CPU
		{8AE18888-E53D-4E93-8C33-08B9C564115E}.Release|x86.ActiveCfg = Release|x86
		{8AE18888-E53D-4E93-8C33-08B9C564115E}.Release|x86.Build.0 = Release|x86
		{BB94416E-3C84-4781-8F81-65EC0A84C857}.Debug|Any CPU.ActiveCfg = Debug|Any CPU
		{BB94416E-3C84-4781-8F81-65EC0A84C857}.Debug|Any CPU.Build.0 = Debug|Any CPU
		{BB94416E-3C84-4781-8F81-65EC0A84C857}.Debug|x86.ActiveCfg = Debug|Any CPU
		{BB94416E-3C84-4781-8F81-65EC0A84C857}.Debug|x86.Build.0 = Debug|Any CPU
		{BB94416E-3C84-4781-8F81-65EC0A84C857}.Release|Any CPU.ActiveCfg = Release|Any CPU
		{BB94416E-3C84-4781-8F81-65EC0A84C857}.Release|Any CPU.Build.0 = Release|Any CPU
		{BB94416E-3C84-4781-8F81-65EC0A84C857}.Release|x86.ActiveCfg = Release|Any CPU
		{C596E614-E1AB-4A8C-994F-F492A15FC51F}.Debug|Any CPU.ActiveCfg = Debug|Any CPU
		{C596E614-E1AB-4A8C-994F-F492A15FC51F}.Debug|Any CPU.Build.0 = Debug|Any CPU
		{C596E614-E1AB-4A8C-994F-F492A15FC51F}.Debug|x86.ActiveCfg = Debug|Any CPU
		{C596E614-E1AB-4A8C-994F-F492A15FC51F}.Release|Any CPU.ActiveCfg = Release|Any CPU
		{C596E614-E1AB-4A8C-994F-F492A15FC51F}.Release|Any CPU.Build.0 = Release|Any CPU
		{C596E614-E1AB-4A8C-994F-F492A15FC51F}.Release|x86.ActiveCfg = Release|Any CPU
	EndGlobalSection
	GlobalSection(SolutionProperties) = preSolution
		HideSolutionNode = FALSE
	EndGlobalSection
	GlobalSection(NestedProjects) = preSolution
		{8B64041B-0D99-43D8-BC09-64A94E23B333} = {DE162DC8-CE59-47FE-B697-637C7B8A8854}
		{549D40DD-12BA-4C1E-A18A-CC57549C1AC3} = {DE162DC8-CE59-47FE-B697-637C7B8A8854}
		{F517CDA1-9508-4F36-876B-FC9B1AFFD133} = {DE162DC8-CE59-47FE-B697-637C7B8A8854}
		{A66EF0A2-D904-4C66-8B28-6F6688F1514B} = {DE162DC8-CE59-47FE-B697-637C7B8A8854}
		{BB94416E-3C84-4781-8F81-65EC0A84C857} = {DE162DC8-CE59-47FE-B697-637C7B8A8854}
		{C596E614-E1AB-4A8C-994F-F492A15FC51F} = {DE162DC8-CE59-47FE-B697-637C7B8A8854}
		{E71E7988-CBC1-47A6-AB58-84A4A51548B4} = {1C859B56-9A35-4BD5-84C0-EFE7A96D6326}
		{46E8A0AF-4523-4627-AB13-33F4ADC1BD7F} = {1C859B56-9A35-4BD5-84C0-EFE7A96D6326}
		{86A336BB-29CD-4F7E-A5BE-804C98808025} = {1C859B56-9A35-4BD5-84C0-EFE7A96D6326}
		{EFA8BC2B-AB1C-4297-972A-5129A90785DB} = {1C859B56-9A35-4BD5-84C0-EFE7A96D6326}
		{0A5EFC54-E023-46ED-8715-D3B547438AE5} = {1C859B56-9A35-4BD5-84C0-EFE7A96D6326}
		{8AE18888-E53D-4E93-8C33-08B9C564115E} = {1C859B56-9A35-4BD5-84C0-EFE7A96D6326}
		{9AEAA57A-5B7E-48E3-A0A6-19D1375B2626} = {EC9ECDB4-513D-4AC7-96DA-F0D94B68D123}
		{B85F2721-53F7-4B17-B5AA-4597E662B3F7} = {925AABA7-6123-4FEE-8203-B5DEC42AA348}
	EndGlobalSection
EndGlobal
